
Microsoft Visual Studio Solution File, Format Version 12.00
# Visual Studio Version 17
VisualStudioVersion = 17.8.34330.188
MinimumVisualStudioVersion = 10.0.40219.1
Project("{9A19103F-16F7-4668-BE54-9A1E7A4F7556}") = "CollaborativeDrawingBoard", "CollaborativeDrawingBoard\CollaborativeDrawingBoard.csproj", "{7957F049-3B3A-478A-8960-378FDF87CFF9}"
EndProject
Global
	GlobalSection(SolutionConfigurationPlatforms) = preSolution
		Debug|Any CPU = Debug|Any CPU
		Release|Any CPU = Release|Any CPU
	EndGlobalSection
	GlobalSection(ProjectConfigurationPlatforms) = postSolution
		{7957F049-3B3A-478A-8960-378FDF87CFF9}.Debug|Any CPU.ActiveCfg = Debug|Any CPU
		{7957F049-3B3A-478A-8960-378FDF87CFF9}.Debug|Any CPU.Build.0 = Debug|Any CPU
		{7957F049-3B3A-478A-8960-378FDF87CFF9}.Release|Any CPU.ActiveCfg = Release|Any CPU
		{7957F049-3B3A-478A-8960-378FDF87CFF9}.Release|Any CPU.Build.0 = Release|Any CPU
	EndGlobalSection
	GlobalSection(SolutionProperties) = preSolution
		HideSolutionNode = FALSE
	EndGlobalSection
	GlobalSection(ExtensibilityGlobals) = postSolution
		SolutionGuid = {694C64D4-118C-45A3-B35C-9075E7B00249}
	EndGlobalSection
EndGlobal
